PODS:
  - Kingfisher (4.10.1)
  - SDWebImage (4.4.6):
    - SDWebImage/Core (= 4.4.6)
  - SDWebImage/Core (4.4.6)

DEPENDENCIES:
  - Kingfisher
  - SDWebImage

SPEC REPOS:
  https://github.com/cocoapods/specs.git:
    - Kingfisher
    - SDWebImage

SPEC CHECKSUMS:
  Kingfisher: c148cd7b47ebde9989f6bc7c27dcaa79d81279a0
  SDWebImage: 3f3f0c02f09798048c47a5ed0a13f17b063572d8

PODFILE CHECKSUM: 71aee8053f2931205f1b9bdfc6b3372a925429ea

COCOAPODS: 1.5.3
